<?xml version="1.0" encoding="utf-8"?>
<Project ToolsVersion="4.0" xmlns="http://schemas.microsoft.com/developer/msbuild/2003">
  <ItemGroup>
    <Filter Include="Исходные файлы">
      <UniqueIdentifier>{4FC737F1-C7A5-4376-A066-2A32D752A2FF}</UniqueIdentifier>
      <Extensions>cpp;c;cc;cxx;def;odl;idl;hpj;bat;asm;asmx</Extensions>
    </Filter>
    <Filter Include="Исходные файлы\sdk">
      <UniqueIdentifier>{ee2643ca-502b-4d1f-9d7a-4495189971cf}</UniqueIdentifier>
    </Filter>
    <Filter Include="Исходные файлы\sdk\raknet">
      <UniqueIdentifier>{a97d8af8-9c34-4bf0-9b40-c524177ce364}</UniqueIdentifier>
    </Filter>
    <Filter Include="Исходные файлы\sdk\pawn">
      <UniqueIdentifier>{93acd65b-1dd4-4d1e-af2c-99497ab3bd8b}</UniqueIdentifier>
<<<<<<< HEAD
    </Filter>
<<<<<<< HEAD
    <Filter Include="Исходные файлы\source\pawn">
      <UniqueIdentifier>{ef494ca9-4322-485d-b2e8-836d3dba4f1d}</UniqueIdentifier>
=======
    <Filter Include="Исходные файлы\sdk\pawn\amx">
      <UniqueIdentifier>{13741665-e985-4f1d-aa97-e5f9f4d2568c}</UniqueIdentifier>
    </Filter>
    <Filter Include="Исходные файлы\sdk\ysf">
      <UniqueIdentifier>{b440c184-051e-42c5-bc66-83b5f423243c}</UniqueIdentifier>
    </Filter>
    <Filter Include="Исходные файлы\sdk\ysf\data">
      <UniqueIdentifier>{62bce1f8-ae42-446e-b011-85b5c1a4ef6c}</UniqueIdentifier>
    </Filter>
    <Filter Include="Исходные файлы\sdk\ysf\includes">
      <UniqueIdentifier>{7f0cabfe-55ce-4bb3-b33a-c2e668272594}</UniqueIdentifier>
>>>>>>> parent of 40cfcff (upgrade to 3.0)
    </Filter>
    <Filter Include="Исходные файлы\sdk\ysf\utils">
      <UniqueIdentifier>{15eab89a-4752-4de7-9c46-a4b80914ff54}</UniqueIdentifier>
    </Filter>
    <Filter Include="Исходные файлы\aux">
      <UniqueIdentifier>{4c4a0bc3-6323-4656-9364-0dc9b5aa77c3}</UniqueIdentifier>
    </Filter>
    <Filter Include="Исходные файлы\sdk\audio">
      <UniqueIdentifier>{cd13217d-a659-49fd-abd6-1494a375d0e2}</UniqueIdentifier>
    </Filter>
    <Filter Include="Исходные файлы\source\audio">
      <UniqueIdentifier>{53af3200-b875-493b-8d80-ed966934bfbb}</UniqueIdentifier>
    </Filter>
    <Filter Include="Исходные файлы\source\audio\effects">
      <UniqueIdentifier>{8f99b111-4e44-4394-9d14-ea7e7cdaedb3}</UniqueIdentifier>
    </Filter>
    <Filter Include="Исходные файлы\source\audio\streams">
      <UniqueIdentifier>{7d8874c0-45c7-4abb-b937-54332f664527}</UniqueIdentifier>
    </Filter>
    <Filter Include="Исходные файлы\source\audio\streams\dynamic">
      <UniqueIdentifier>{13bb7d76-77c5-402b-8617-27bae6074926}</UniqueIdentifier>
    </Filter>
    <Filter Include="Исходные файлы\source\audio\streams\static">
      <UniqueIdentifier>{89163e00-1337-495a-9820-42555d26d861}</UniqueIdentifier>
    </Filter>
    <Filter Include="Исходные файлы\source\audio\parameters">
      <UniqueIdentifier>{2df562c3-999e-45f0-82b6-cde018ecf8b1}</UniqueIdentifier>
    </Filter>
  </ItemGroup>
  <ItemGroup>
<<<<<<< HEAD
    <ClInclude Include="VoicePacket.h">
      <Filter>Исходные файлы\source\network</Filter>
    </ClInclude>
    <ClInclude Include="ControlPacket.h">
      <Filter>Исходные файлы\source\network</Filter>
    </ClInclude>
    <ClInclude Include="Header.h">
      <Filter>Исходные файлы\source</Filter>
    </ClInclude>
    <ClInclude Include="include\ysf\addresses.h">
      <Filter>Исходные файлы\include\ysf</Filter>
    </ClInclude>
    <ClInclude Include="include\ysf\globals.h">
      <Filter>Исходные файлы\include\ysf</Filter>
    </ClInclude>
    <ClInclude Include="include\ysf\structs.h">
      <Filter>Исходные файлы\include\ysf</Filter>
    </ClInclude>
    <ClInclude Include="include\ysf\utils\cvector.h">
      <Filter>Исходные файлы\include\ysf\utils</Filter>
    </ClInclude>
    <ClInclude Include="include\ysf\utils\cvector2d.h">
      <Filter>Исходные файлы\include\ysf\utils</Filter>
    </ClInclude>
    <ClInclude Include="include\ysf\utils\memory.h">
      <Filter>Исходные файлы\include\ysf\utils</Filter>
    </ClInclude>
    <ClInclude Include="include\util\logger.h">
      <Filter>Исходные файлы\include\util</Filter>
    </ClInclude>
    <ClInclude Include="include\util\memory.hpp">
      <Filter>Исходные файлы\include\util</Filter>
    </ClInclude>
    <ClInclude Include="include\util\raknet.h">
      <Filter>Исходные файлы\include\util</Filter>
    </ClInclude>
    <ClInclude Include="include\raknet\bitstream.h">
      <Filter>Исходные файлы\include\raknet</Filter>
    </ClInclude>
    <ClInclude Include="include\raknet\networktypes.h">
      <Filter>Исходные файлы\include\raknet</Filter>
    </ClInclude>
    <ClInclude Include="include\pawn\plugincommon.h">
      <Filter>Исходные файлы\include\pawn</Filter>
    </ClInclude>
    <ClInclude Include="include\pawn\amx\amx.h">
      <Filter>Исходные файлы\include\pawn\amx</Filter>
    </ClInclude>
    <ClInclude Include="include\pawn\amx\getch.h">
      <Filter>Исходные файлы\include\pawn\amx</Filter>
    </ClInclude>
    <ClInclude Include="include\pawn\amx\sclinux.h">
      <Filter>Исходные файлы\include\pawn\amx</Filter>
    </ClInclude>
    <ClInclude Include="Network.h">
      <Filter>Исходные файлы\source\network</Filter>
    </ClInclude>
    <ClInclude Include="Pawn.h">
      <Filter>Исходные файлы\source\pawn</Filter>
    </ClInclude>
    <ClInclude Include="DynamicLocalStreamAtVehicle.h">
      <Filter>Исходные файлы\source\audio\streams\dynamic</Filter>
    </ClInclude>
    <ClInclude Include="DynamicLocalStreamAtPoint.h">
      <Filter>Исходные файлы\source\audio\streams\dynamic</Filter>
    </ClInclude>
    <ClInclude Include="DynamicLocalStreamAtPlayer.h">
      <Filter>Исходные файлы\source\audio\streams\dynamic</Filter>
    </ClInclude>
    <ClInclude Include="DynamicLocalStreamAtObject.h">
      <Filter>Исходные файлы\source\audio\streams\dynamic</Filter>
    </ClInclude>
    <ClInclude Include="StaticLocalStreamAtVehicle.h">
      <Filter>Исходные файлы\source\audio\streams\static</Filter>
    </ClInclude>
    <ClInclude Include="StaticLocalStreamAtPoint.h">
      <Filter>Исходные файлы\source\audio\streams\static</Filter>
    </ClInclude>
    <ClInclude Include="StaticLocalStreamAtPlayer.h">
      <Filter>Исходные файлы\source\audio\streams\static</Filter>
    </ClInclude>
    <ClInclude Include="StaticLocalStreamAtObject.h">
      <Filter>Исходные файлы\source\audio\streams\static</Filter>
    </ClInclude>
    <ClInclude Include="Stream.h">
      <Filter>Исходные файлы\source\audio\streams</Filter>
    </ClInclude>
    <ClInclude Include="PointStream.h">
      <Filter>Исходные файлы\source\audio\streams</Filter>
    </ClInclude>
    <ClInclude Include="LocalStream.h">
      <Filter>Исходные файлы\source\audio\streams</Filter>
    </ClInclude>
    <ClInclude Include="GlobalStream.h">
      <Filter>Исходные файлы\source\audio\streams</Filter>
    </ClInclude>
    <ClInclude Include="DynamicStream.h">
      <Filter>Исходные файлы\source\audio\streams</Filter>
    </ClInclude>
    <ClInclude Include="include\SPSCQueue.h">
      <Filter>Исходные файлы\include</Filter>
    </ClInclude>
    <ClInclude Include="PlayerStore.h">
      <Filter>Исходные файлы\source\store</Filter>
    </ClInclude>
    <ClInclude Include="PlayerInfo.h">
      <Filter>Исходные файлы\source\store</Filter>
    </ClInclude>
    <ClInclude Include="include\MPMCQueue.h">
      <Filter>Исходные файлы\include</Filter>
    </ClInclude>
    <ClInclude Include="Worker.h">
      <Filter>Исходные файлы\source</Filter>
    </ClInclude>
    <ClInclude Include="Effect.h">
      <Filter>Исходные файлы\source\audio\effects</Filter>
    </ClInclude>
    <ClInclude Include="Parameter.h">
      <Filter>Исходные файлы\source\audio\parameters</Filter>
    </ClInclude>
    <ClInclude Include="include\util\timer.h">
      <Filter>Исходные файлы\include\util</Filter>
    </ClInclude>
  </ItemGroup>
  <ItemGroup>
    <ClCompile Include="VoicePacket.cpp">
      <Filter>Исходные файлы\source\network</Filter>
    </ClCompile>
=======
>>>>>>> parent of 40cfcff (upgrade to 3.0)
=======
    </Filter>
    <Filter Include="Исходные файлы\sdk\pawn\amx">
      <UniqueIdentifier>{13741665-e985-4f1d-aa97-e5f9f4d2568c}</UniqueIdentifier>
    </Filter>
    <Filter Include="Исходные файлы\sdk\ysf">
      <UniqueIdentifier>{b440c184-051e-42c5-bc66-83b5f423243c}</UniqueIdentifier>
    </Filter>
    <Filter Include="Исходные файлы\sdk\ysf\data">
      <UniqueIdentifier>{62bce1f8-ae42-446e-b011-85b5c1a4ef6c}</UniqueIdentifier>
    </Filter>
    <Filter Include="Исходные файлы\sdk\ysf\includes">
      <UniqueIdentifier>{7f0cabfe-55ce-4bb3-b33a-c2e668272594}</UniqueIdentifier>
    </Filter>
    <Filter Include="Исходные файлы\sdk\ysf\utils">
      <UniqueIdentifier>{15eab89a-4752-4de7-9c46-a4b80914ff54}</UniqueIdentifier>
    </Filter>
    <Filter Include="Исходные файлы\aux">
      <UniqueIdentifier>{4c4a0bc3-6323-4656-9364-0dc9b5aa77c3}</UniqueIdentifier>
    </Filter>
    <Filter Include="Исходные файлы\sdk\audio">
      <UniqueIdentifier>{cd13217d-a659-49fd-abd6-1494a375d0e2}</UniqueIdentifier>
    </Filter>
  </ItemGroup>
  <ItemGroup>
>>>>>>> parent of 40cfcff (upgrade to 3.0)
    <ClCompile Include="main.cpp">
      <Filter>Исходные файлы</Filter>
    </ClCompile>
    <ClCompile Include="sdk\raknet\bitstream.cpp">
      <Filter>Исходные файлы\sdk\raknet</Filter>
    </ClCompile>
<<<<<<< HEAD
<<<<<<< HEAD
    <ClCompile Include="include\util\logger.cpp">
      <Filter>Исходные файлы\include\util</Filter>
    </ClCompile>
    <ClCompile Include="include\util\raknet.cpp">
      <Filter>Исходные файлы\include\util</Filter>
    </ClCompile>
    <ClCompile Include="include\raknet\bitstream.cpp">
      <Filter>Исходные файлы\include\raknet</Filter>
    </ClCompile>
    <ClCompile Include="include\pawn\amxplugin.cpp">
      <Filter>Исходные файлы\include\pawn</Filter>
    </ClCompile>
    <ClCompile Include="Pawn.cpp">
      <Filter>Исходные файлы\source\pawn</Filter>
    </ClCompile>
    <ClCompile Include="DynamicLocalStreamAtVehicle.cpp">
      <Filter>Исходные файлы\source\audio\streams\dynamic</Filter>
    </ClCompile>
    <ClCompile Include="DynamicLocalStreamAtPoint.cpp">
      <Filter>Исходные файлы\source\audio\streams\dynamic</Filter>
    </ClCompile>
    <ClCompile Include="DynamicLocalStreamAtPlayer.cpp">
      <Filter>Исходные файлы\source\audio\streams\dynamic</Filter>
    </ClCompile>
    <ClCompile Include="DynamicLocalStreamAtObject.cpp">
      <Filter>Исходные файлы\source\audio\streams\dynamic</Filter>
    </ClCompile>
    <ClCompile Include="StaticLocalStreamAtVehicle.cpp">
      <Filter>Исходные файлы\source\audio\streams\static</Filter>
    </ClCompile>
    <ClCompile Include="StaticLocalStreamAtPoint.cpp">
      <Filter>Исходные файлы\source\audio\streams\static</Filter>
    </ClCompile>
    <ClCompile Include="StaticLocalStreamAtPlayer.cpp">
      <Filter>Исходные файлы\source\audio\streams\static</Filter>
    </ClCompile>
    <ClCompile Include="StaticLocalStreamAtObject.cpp">
      <Filter>Исходные файлы\source\audio\streams\static</Filter>
    </ClCompile>
    <ClCompile Include="Stream.cpp">
      <Filter>Исходные файлы\source\audio\streams</Filter>
    </ClCompile>
    <ClCompile Include="PointStream.cpp">
      <Filter>Исходные файлы\source\audio\streams</Filter>
    </ClCompile>
    <ClCompile Include="LocalStream.cpp">
      <Filter>Исходные файлы\source\audio\streams</Filter>
    </ClCompile>
    <ClCompile Include="GlobalStream.cpp">
      <Filter>Исходные файлы\source\audio\streams</Filter>
    </ClCompile>
    <ClCompile Include="DynamicStream.cpp">
      <Filter>Исходные файлы\source\audio\streams</Filter>
    </ClCompile>
    <ClCompile Include="ControlPacket.cpp">
      <Filter>Исходные файлы\source\network</Filter>
    </ClCompile>
    <ClCompile Include="Network.cpp">
      <Filter>Исходные файлы\source\network</Filter>
    </ClCompile>
    <ClCompile Include="PlayerStore.cpp">
      <Filter>Исходные файлы\source\store</Filter>
=======
    <ClCompile Include="sdk\pawn\amxplugin.cpp">
      <Filter>Исходные файлы\sdk\pawn</Filter>
>>>>>>> parent of 40cfcff (upgrade to 3.0)
    </ClCompile>
    <ClCompile Include="Effect.cpp">
      <Filter>Исходные файлы\source\audio\effects</Filter>
    </ClCompile>
    <ClCompile Include="Parameter.cpp">
      <Filter>Исходные файлы\source\audio\parameters</Filter>
    </ClCompile>
    <ClCompile Include="include\util\timer.cpp">
      <Filter>Исходные файлы\include\util</Filter>
=======
    <ClCompile Include="sdk\pawn\amxplugin.cpp">
      <Filter>Исходные файлы\sdk\pawn</Filter>
>>>>>>> parent of 40cfcff (upgrade to 3.0)
    </ClCompile>
  </ItemGroup>
  <ItemGroup>
    <ClInclude Include="sdk\ysf\addresses.h">
      <Filter>Исходные файлы\sdk\ysf</Filter>
    </ClInclude>
    <ClInclude Include="sdk\ysf\functions.h">
      <Filter>Исходные файлы\sdk\ysf</Filter>
    </ClInclude>
    <ClInclude Include="sdk\ysf\globals.h">
      <Filter>Исходные файлы\sdk\ysf</Filter>
    </ClInclude>
    <ClInclude Include="sdk\ysf\rpc.h">
      <Filter>Исходные файлы\sdk\ysf</Filter>
    </ClInclude>
    <ClInclude Include="sdk\ysf\structs.h">
      <Filter>Исходные файлы\sdk\ysf</Filter>
    </ClInclude>
    <ClInclude Include="sdk\ysf\data\object_data.h">
      <Filter>Исходные файлы\sdk\ysf\data</Filter>
    </ClInclude>
    <ClInclude Include="sdk\ysf\data\player_data.h">
      <Filter>Исходные файлы\sdk\ysf\data</Filter>
    </ClInclude>
    <ClInclude Include="sdk\ysf\data\vehicle_data.h">
      <Filter>Исходные файлы\sdk\ysf\data</Filter>
    </ClInclude>
    <ClInclude Include="sdk\ysf\includes\net.h">
      <Filter>Исходные файлы\sdk\ysf\includes</Filter>
    </ClInclude>
    <ClInclude Include="sdk\ysf\includes\platform.h">
      <Filter>Исходные файлы\sdk\ysf\includes</Filter>
    </ClInclude>
    <ClInclude Include="sdk\ysf\includes\types.h">
      <Filter>Исходные файлы\sdk\ysf\includes</Filter>
    </ClInclude>
    <ClInclude Include="sdk\ysf\utils\bimap.h">
      <Filter>Исходные файлы\sdk\ysf\utils</Filter>
    </ClInclude>
    <ClInclude Include="sdk\ysf\utils\cvector.h">
      <Filter>Исходные файлы\sdk\ysf\utils</Filter>
    </ClInclude>
    <ClInclude Include="sdk\ysf\utils\cvector2d.h">
      <Filter>Исходные файлы\sdk\ysf\utils</Filter>
    </ClInclude>
    <ClInclude Include="sdk\ysf\utils\memory.h">
      <Filter>Исходные файлы\sdk\ysf\utils</Filter>
    </ClInclude>
    <ClInclude Include="sdk\ysf\utils\optional.h">
      <Filter>Исходные файлы\sdk\ysf\utils</Filter>
    </ClInclude>
    <ClInclude Include="sdk\raknet\bitstream.h">
      <Filter>Исходные файлы\sdk\raknet</Filter>
    </ClInclude>
    <ClInclude Include="sdk\raknet\networktypes.h">
      <Filter>Исходные файлы\sdk\raknet</Filter>
    </ClInclude>
    <ClInclude Include="sv_net.h">
      <Filter>Исходные файлы</Filter>
    </ClInclude>
    <ClInclude Include="sv_header.h">
      <Filter>Исходные файлы</Filter>
    </ClInclude>
    <ClInclude Include="sdk\pawn\amx\amx.h">
      <Filter>Исходные файлы\sdk\pawn\amx</Filter>
    </ClInclude>
    <ClInclude Include="sdk\pawn\amx\getch.h">
      <Filter>Исходные файлы\sdk\pawn\amx</Filter>
    </ClInclude>
    <ClInclude Include="sdk\pawn\amx\sclinux.h">
      <Filter>Исходные файлы\sdk\pawn\amx</Filter>
    </ClInclude>
    <ClInclude Include="sdk\pawn\plugincommon.h">
      <Filter>Исходные файлы\sdk\pawn</Filter>
    </ClInclude>
    <ClInclude Include="sv_pawn.h">
      <Filter>Исходные файлы</Filter>
    </ClInclude>
    <ClInclude Include="sv_audio.h">
      <Filter>Исходные файлы</Filter>
    </ClInclude>
    <ClInclude Include="sdk\audio\bass.h">
      <Filter>Исходные файлы\sdk\audio</Filter>
    </ClInclude>
    <ClInclude Include="memory.hpp">
      <Filter>Исходные файлы</Filter>
    </ClInclude>
    <ClInclude Include="sv_logger.h">
      <Filter>Исходные файлы</Filter>
    </ClInclude>
  </ItemGroup>
  <ItemGroup>
    <None Include="plugin.def">
      <Filter>Исходные файлы\aux</Filter>
    </None>
    <None Include="Makefile">
      <Filter>Исходные файлы\aux</Filter>
    </None>
    <None Include="sampvoice.inc">
      <Filter>Исходные файлы\aux</Filter>
    </None>
  </ItemGroup>
  <ItemGroup>
    <Library Include="sdk\audio\bass.lib">
      <Filter>Исходные файлы\sdk\audio</Filter>
    </Library>
  </ItemGroup>
</Project>